{
  "name": "test",
  "lockfileVersion": 2,
  "requires": true,
  "packages": {
    "": {
      "dependencies": {
        "is-evenly": "^1.0.0"
      }
    },
    "node_modules/is-evenly": {
      "version": "1.0.0",
      "resolved": "https://registry.npmjs.org/is-evenly/-/is-evenly-1.0.0.tgz",
      "integrity": "sha512-tmsHhJkhW1EQZCXSztcf+4GNSnxRNsC78FVocMzBB6zwlH1JEC144V/sW/2pAA6sTTKCQfqeIPyH8zrNUOMoiA=="
    }
  },
  "dependencies": {
    "is-evenly": {
      "version": "1.0.0",
      "resolved": "https://registry.npmjs.org/is-evenly/-/is-evenly-1.0.0.tgz",
      "integrity": "sha512-tmsHhJkhW1EQZCXSztcf+4GNSnxRNsC78FVocMzBB6zwlH1JEC144V/sW/2pAA6sTTKCQfqeIPyH8zrNUOMoiA=="
    }
  }
}
